
Microsoft Visual Studio Solution File, Format Version 12.00
# Visual Studio Version 16
VisualStudioVersion = 16.0.31702.278
MinimumVisualStudioVersion = 10.0.40219.1
Project("{FAE04EC0-301F-11D3-BF4B-00C04F79EFBC}") = "BookClub_konzol", "BookClub_konzol\BookClub_konzol.csproj", "{2393CB9D-9776-4012-A05F-F962C72E6EDB}"
EndProject
Global
	GlobalSection(SolutionConfigurationPlatforms) = preSolution
		Debug|Any CPU = Debug|Any CPU
		Release|Any CPU = Release|Any CPU
	EndGlobalSection
	GlobalSection(ProjectConfigurationPlatforms) = postSolution
		{2393CB9D-9776-4012-A05F-F962C72E6EDB}.Debug|Any CPU.ActiveCfg = Debug|Any CPU
		{2393CB9D-9776-4012-A05F-F962C72E6EDB}.Debug|Any CPU.Build.0 = Debug|Any CPU
		{2393CB9D-9776-4012-A05F-F962C72E6EDB}.Release|Any CPU.ActiveCfg = Release|Any CPU
		{2393CB9D-9776-4012-A05F-F962C72E6EDB}.Release|Any CPU.Build.0 = Release|Any CPU
	EndGlobalSection
	GlobalSection(SolutionProperties) = preSolution
		HideSolutionNode = FALSE
	EndGlobalSection
	GlobalSection(ExtensibilityGlobals) = postSolution
		SolutionGuid = {839EB053-3E2A-4E24-BB69-19D18A49B249}
	EndGlobalSection
EndGlobal
